
Microsoft Visual Studio Solution File, Format Version 12.00
# Visual Studio 2012
Project("{FAE04EC0-301F-11D3-BF4B-00C04F79EFBC}") = "LoginUserThingy", "LoginUserThingy\LoginUserThingy.csproj", "{6C09F5B6-8482-434F-936C-096F1E6880A8}"
EndProject
Project("{FAE04EC0-301F-11D3-BF4B-00C04F79EFBC}") = "UsersLibrary", "UsersLibrary\UsersLibrary.csproj", "{3AEA9A83-C4DB-4C37-BD13-C96A0401FDE5}"
EndProject
Global
	GlobalSection(SolutionConfigurationPlatforms) = preSolution
		Debug|Any CPU = Debug|Any CPU
		Release|Any CPU = Release|Any CPU
	EndGlobalSection
	GlobalSection(ProjectConfigurationPlatforms) = postSolution
		{6C09F5B6-8482-434F-936C-096F1E6880A8}.Debug|Any CPU.ActiveCfg = Debug|Any CPU
		{6C09F5B6-8482-434F-936C-096F1E6880A8}.Debug|Any CPU.Build.0 = Debug|Any CPU
		{6C09F5B6-8482-434F-936C-096F1E6880A8}.Release|Any CPU.ActiveCfg = Release|Any CPU
		{6C09F5B6-8482-434F-936C-096F1E6880A8}.Release|Any CPU.Build.0 = Release|Any CPU
		{3AEA9A83-C4DB-4C37-BD13-C96A0401FDE5}.Debug|Any CPU.ActiveCfg = Debug|Any CPU
		{3AEA9A83-C4DB-4C37-BD13-C96A0401FDE5}.Debug|Any CPU.Build.0 = Debug|Any CPU
		{3AEA9A83-C4DB-4C37-BD13-C96A0401FDE5}.Release|Any CPU.ActiveCfg = Release|Any CPU
		{3AEA9A83-C4DB-4C37-BD13-C96A0401FDE5}.Release|Any CPU.Build.0 = Release|Any CPU
	EndGlobalSection
	GlobalSection(SolutionProperties) = preSolution
		HideSolutionNode = FALSE
	EndGlobalSection
EndGlobal
